{
  "name": "node-express",
  "version": "1.0.0",
  "lockfileVersion": 1,
  "requires": true,
  "dependencies": {
    "assign-symbols": {
      "version": "1.0.0",
      "resolved": "https://registry.npm.taobao.org/assign-symbols/download/assign-symbols-1.0.0.tgz",
      "integrity": "sha1-WWZ/QfrdTyDMvCu5a41Pf3jsA2c="
    },
    "await-fs": {
      "version": "1.0.0",
      "resolved": "https://registry.npm.taobao.org/await-fs/download/await-fs-1.0.0.tgz",
      "dev": true
    },
    "body-parser": {
      "version": "1.19.0",
      "resolved": "https://registry.npm.taobao.org/body-parser/download/body-parser-1.19.0.tgz",
      "dev": true,
      "dependencies": {
        "bytes": {
          "version": "https://registry.npm.taobao.org/bytes/download/bytes-3.1.0.tgz"
        },
        "content-type": {
          "version": "https://registry.npm.taobao.org/content-type/download/content-type-1.0.4.tgz"
        },
        "debug": {
          "version": "https://registry.npm.taobao.org/debug/download/debug-2.6.9.tgz"
        },
        "depd": {
          "version": "https://registry.npm.taobao.org/depd/download/depd-1.1.2.tgz"
        },
        "http-errors": {
          "version": "https://registry.npm.taobao.org/http-errors/download/http-errors-1.7.2.tgz"
        },
        "iconv-lite": {
          "version": "https://registry.npm.taobao.org/iconv-lite/download/iconv-lite-0.4.24.tgz",
          "dependencies": {
            "safer-buffer": {
              "version": "https://registry.npm.taobao.org/safer-buffer/download/safer-buffer-2.1.2.tgz"
            }
          }
        },
        "on-finished": {
          "version": "https://registry.npm.taobao.org/on-finished/download/on-finished-2.3.0.tgz",
          "dependencies": {
            "ee-first": {
              "version": "https://registry.npm.taobao.org/ee-first/download/ee-first-1.1.1.tgz",
              "bundled": true
            }
          }
        },
        "qs": {
          "version": "https://registry.npm.taobao.org/qs/download/qs-6.7.0.tgz"
        },
        "raw-body": {
          "version": "https://registry.npm.taobao.org/raw-body/download/raw-body-2.4.0.tgz"
        },
        "type-is": {
          "version": "https://registry.npm.taobao.org/type-is/download/type-is-1.6.18.tgz"
        }
      }
    },
    "co-mysql": {
      "version": "1.0.0",
      "resolved": "https://registry.npm.taobao.org/co-mysql/download/co-mysql-1.0.0.tgz",
      "dev": true
    },
    "cookie-parser": {
      "version": "1.4.4",
      "resolved": "https://registry.npm.taobao.org/cookie-parser/download/cookie-parser-1.4.4.tgz",
      "dev": true,
      "dependencies": {
        "cookie": {
          "version": "https://registry.npm.taobao.org/cookie/download/cookie-0.3.1.tgz",
          "bundled": true
        },
        "cookie-signature": {
          "version": "https://registry.npm.taobao.org/cookie-signature/download/cookie-signature-1.0.6.tgz",
          "bundled": true
        }
      }
    },
    "cookie-session": {
      "version": "1.3.3",
      "resolved": "https://registry.npm.taobao.org/cookie-session/download/cookie-session-1.3.3.tgz",
      "dev": true,
      "dependencies": {
        "cookies": {
          "version": "https://registry.npm.taobao.org/cookies/download/cookies-0.7.3.tgz",
          "bundled": true
        },
        "debug": {
          "version": "https://registry.npm.taobao.org/debug/download/debug-2.6.9.tgz",
          "bundled": true,
          "dependencies": {
            "ms": {
              "version": "https://registry.npm.taobao.org/ms/download/ms-2.0.0.tgz",
              "bundled": true
            }
          }
        },
        "on-headers": {
          "version": "https://registry.npm.taobao.org/on-headers/download/on-headers-1.0.2.tgz",
          "bundled": true
        }
      }
    },
    "express": {
      "version": "4.17.1",
      "resolved": "https://registry.npm.taobao.org/express/download/express-4.17.1.tgz",
      "dev": true,
      "requires": {
        "body-parser": "1.19.0",
        "statuses": "~1.5.0"
      },
      "dependencies": {
        "accepts": {
          "version": "https://registry.npm.taobao.org/accepts/download/accepts-1.3.7.tgz",
          "bundled": true,
          "dependencies": {
            "mime-types": {
              "version": "https://registry.npm.taobao.org/mime-types/download/mime-types-2.1.24.tgz?cache=0&other_urls=https%3A%2F%2Fregistry.npm.taobao.org%2Fmime-types%2Fdownload%2Fmime-types-2.1.24.tgz"
            },
            "negotiator": {
              "version": "https://registry.npm.taobao.org/negotiator/download/negotiator-0.6.2.tgz"
            }
          }
        },
        "array-flatten": {
          "version": "https://registry.npm.taobao.org/array-flatten/download/array-flatten-1.1.1.tgz",
          "bundled": true
        },
        "body-parser": {
          "version": "https://registry.npm.taobao.org/body-parser/download/body-parser-1.19.0.tgz",
          "bundled": true
        },
        "content-disposition": {
          "version": "https://registry.npm.taobao.org/content-disposition/download/content-disposition-0.5.3.tgz",
          "bundled": true,
          "dependencies": {
            "safe-buffer": {
              "version": "https://registry.npm.taobao.org/safe-buffer/download/safe-buffer-5.1.2.tgz"
            }
          }
        },
        "content-type": {
          "version": "https://registry.npm.taobao.org/content-type/download/content-type-1.0.4.tgz",
          "bundled": true
        },
        "cookie": {
          "version": "https://registry.npm.taobao.org/cookie/download/cookie-0.4.0.tgz",
          "bundled": true
        },
        "cookie-signature": {
          "version": "https://registry.npm.taobao.org/cookie-signature/download/cookie-signature-1.0.6.tgz",
          "bundled": true
        },
        "debug": {
          "version": "https://registry.npm.taobao.org/debug/download/debug-2.6.9.tgz",
          "bundled": true,
          "dependencies": {
            "ms": {
              "version": "https://registry.npm.taobao.org/ms/download/ms-2.0.0.tgz",
              "bundled": true
            }
          }
        },
        "depd": {
          "version": "https://registry.npm.taobao.org/depd/download/depd-1.1.2.tgz",
          "bundled": true
        },
        "encodeurl": {
          "version": "https://registry.npm.taobao.org/encodeurl/download/encodeurl-1.0.2.tgz",
          "bundled": true
        },
        "escape-html": {
          "version": "https://registry.npm.taobao.org/escape-html/download/escape-html-1.0.3.tgz",
          "bundled": true
        },
        "etag": {
          "version": "https://registry.npm.taobao.org/etag/download/etag-1.8.1.tgz",
          "bundled": true
        },
        "finalhandler": {
          "version": "https://registry.npm.taobao.org/finalhandler/download/finalhandler-1.1.2.tgz",
          "bundled": true
        },
        "fresh": {
          "version": "https://registry.npm.taobao.org/fresh/download/fresh-0.5.2.tgz",
          "bundled": true
        },
        "merge-descriptors": {
          "version": "https://registry.npm.taobao.org/merge-descriptors/download/merge-descriptors-1.0.1.tgz",
          "bundled": true
        },
        "methods": {
          "version": "https://registry.npm.taobao.org/methods/download/methods-1.1.2.tgz",
          "bundled": true
        },
        "on-finished": {
          "version": "https://registry.npm.taobao.org/on-finished/download/on-finished-2.3.0.tgz",
          "bundled": true,
          "dependencies": {
            "ee-first": {
              "version": "https://registry.npm.taobao.org/ee-first/download/ee-first-1.1.1.tgz",
              "bundled": true
            }
          }
        },
        "parseurl": {
          "version": "https://registry.npm.taobao.org/parseurl/download/parseurl-1.3.3.tgz",
          "bundled": true
        },
        "path-to-regexp": {
          "version": "https://registry.npm.taobao.org/path-to-regexp/download/path-to-regexp-0.1.7.tgz?cache=0&sync_timestamp=1567224469702&other_urls=https%3A%2F%2Fregistry.npm.taobao.org%2Fpath-to-regexp%2Fdownload%2Fpath-to-regexp-0.1.7.tgz",
          "bundled": true
        },
        "proxy-addr": {
          "version": "https://registry.npm.taobao.org/proxy-addr/download/proxy-addr-2.0.5.tgz",
          "bundled": true
        },
        "qs": {
          "version": "https://registry.npm.taobao.org/qs/download/qs-6.7.0.tgz",
          "bundled": true
        },
        "range-parser": {
          "version": "https://registry.npm.taobao.org/range-parser/download/range-parser-1.2.1.tgz",
          "bundled": true
        },
        "safe-buffer": {
          "version": "https://registry.npm.taobao.org/safe-buffer/download/safe-buffer-5.1.2.tgz",
          "bundled": true
        },
        "send": {
          "version": "https://registry.npm.taobao.org/send/download/send-0.17.1.tgz",
          "bundled": true
        },
        "serve-static": {
          "version": "https://registry.npm.taobao.org/serve-static/download/serve-static-1.14.1.tgz",
          "bundled": true
        },
        "setprototypeof": {
          "version": "https://registry.npm.taobao.org/setprototypeof/download/setprototypeof-1.1.1.tgz",
          "bundled": true
        },
        "statuses": {
          "version": "https://registry.npm.taobao.org/statuses/download/statuses-1.5.0.tgz",
          "bundled": true
        },
        "type-is": {
          "version": "https://registry.npm.taobao.org/type-is/download/type-is-1.6.18.tgz",
          "bundled": true,
          "dependencies": {
            "media-typer": {
              "version": "https://registry.npm.taobao.org/media-typer/download/media-typer-0.3.0.tgz",
              "bundled": true
            },
            "mime-types": {
              "version": "https://registry.npm.taobao.org/mime-types/download/mime-types-2.1.24.tgz?cache=0&other_urls=https%3A%2F%2Fregistry.npm.taobao.org%2Fmime-types%2Fdownload%2Fmime-types-2.1.24.tgz",
              "bundled": true,
              "dependencies": {
                "mime-db": {
                  "version": "https://registry.npm.taobao.org/mime-db/download/mime-db-1.40.0.tgz"
                }
              }
            }
          }
        },
        "utils-merge": {
          "version": "https://registry.npm.taobao.org/utils-merge/download/utils-merge-1.0.1.tgz",
          "bundled": true
        },
        "vary": {
          "version": "https://registry.npm.taobao.org/vary/download/vary-1.1.2.tgz",
          "bundled": true
        }
      }
    },
    "extend-shallow": {
      "version": "3.0.2",
      "resolved": "https://registry.npm.taobao.org/extend-shallow/download/extend-shallow-3.0.2.tgz",
      "integrity": "sha1-Jqcarwc7OfshJxcnRhMcJwQCjbg=",
      "requires": {
        "assign-symbols": "^1.0.0",
        "is-extendable": "^1.0.1"
      }
    },
    "formidable": {
      "version": "1.2.1",
      "resolved": "https://registry.npm.taobao.org/formidable/download/formidable-1.2.1.tgz",
      "integrity": "sha1-cPt8oCkO5v+WEJBBX0s989IIJlk="
    },
    "is-extendable": {
      "version": "1.0.1",
      "resolved": "https://registry.npm.taobao.org/is-extendable/download/is-extendable-1.0.1.tgz",
      "integrity": "sha1-p0cPnkJnM9gb2B4RVSZOOjUHyrQ=",
      "requires": {
        "is-plain-object": "^2.0.4"
      }
    },
    "is-plain-object": {
      "version": "2.0.4",
      "resolved": "https://registry.npm.taobao.org/is-plain-object/download/is-plain-object-2.0.4.tgz",
      "integrity": "sha1-LBY7P6+xtgbZ0Xko8FwqHDjgdnc=",
      "requires": {
        "isobject": "^3.0.1"
      }
    },
    "isobject": {
      "version": "3.0.1",
      "resolved": "https://registry.npm.taobao.org/isobject/download/isobject-3.0.1.tgz",
      "integrity": "sha1-TkMekrEalzFjaqH5yNHMvP2reN8="
    },
    "koa": {
      "version": "2.8.2",
      "resolved": "https://registry.npm.taobao.org/koa/download/koa-2.8.2.tgz",
      "dev": true,
      "requires": {
        "statuses": "^1.5.0"
      },
      "dependencies": {
        "accepts": {
          "version": "https://registry.npm.taobao.org/accepts/download/accepts-1.3.7.tgz",
          "bundled": true,
          "dependencies": {
            "mime-types": {
              "version": "https://registry.npm.taobao.org/mime-types/download/mime-types-2.1.24.tgz?cache=0&other_urls=https%3A%2F%2Fregistry.npm.taobao.org%2Fmime-types%2Fdownload%2Fmime-types-2.1.24.tgz"
            },
            "negotiator": {
              "version": "https://registry.npm.taobao.org/negotiator/download/negotiator-0.6.2.tgz"
            }
          }
        },
        "cache-content-type": {
          "version": "https://registry.npm.taobao.org/cache-content-type/download/cache-content-type-1.0.1.tgz",
          "bundled": true
        },
        "content-disposition": {
          "version": "https://registry.npm.taobao.org/content-disposition/download/content-disposition-0.5.3.tgz",
          "bundled": true
        },
        "content-type": {
          "version": "https://registry.npm.taobao.org/content-type/download/content-type-1.0.4.tgz",
          "bundled": true
        },
        "cookies": {
          "version": "https://registry.npm.taobao.org/cookies/download/cookies-0.7.3.tgz",
          "bundled": true,
          "dependencies": {
            "depd": {
              "version": "https://registry.npm.taobao.org/depd/download/depd-1.1.2.tgz",
              "bundled": true
            },
            "keygrip": {
              "version": "https://registry.npm.taobao.org/keygrip/download/keygrip-1.0.3.tgz",
              "bundled": true
            }
          }
        },
        "debug": {
          "version": "https://registry.npm.taobao.org/debug/download/debug-3.1.0.tgz",
          "bundled": true
        },
        "delegates": {
          "version": "https://registry.npm.taobao.org/delegates/download/delegates-1.0.0.tgz",
          "bundled": true
        },
        "depd": {
          "version": "https://registry.npm.taobao.org/depd/download/depd-1.1.2.tgz",
          "bundled": true
        },
        "destroy": {
          "version": "https://registry.npm.taobao.org/destroy/download/destroy-1.0.4.tgz",
          "bundled": true
        },
        "encodeurl": {
          "version": "https://registry.npm.taobao.org/encodeurl/download/encodeurl-1.0.2.tgz",
          "bundled": true
        },
        "error-inject": {
          "version": "https://registry.npm.taobao.org/error-inject/download/error-inject-1.0.0.tgz",
          "bundled": true
        },
        "escape-html": {
          "version": "https://registry.npm.taobao.org/escape-html/download/escape-html-1.0.3.tgz",
          "bundled": true
        },
        "fresh": {
          "version": "https://registry.npm.taobao.org/fresh/download/fresh-0.5.2.tgz",
          "bundled": true
        },
        "http-assert": {
          "version": "https://registry.npm.taobao.org/http-assert/download/http-assert-1.4.1.tgz",
          "bundled": true,
          "dependencies": {
            "deep-equal": {
              "version": "https://registry.npm.taobao.org/deep-equal/download/deep-equal-1.0.1.tgz",
              "bundled": true
            },
            "http-errors": {
              "version": "https://registry.npm.taobao.org/http-errors/download/http-errors-1.7.3.tgz",
              "bundled": true,
              "dependencies": {
                "depd": {
                  "version": "https://registry.npm.taobao.org/depd/download/depd-1.1.2.tgz",
                  "bundled": true
                },
                "inherits": {
                  "version": "https://registry.npm.taobao.org/inherits/download/inherits-2.0.4.tgz",
                  "bundled": true
                },
                "setprototypeof": {
                  "version": "https://registry.npm.taobao.org/setprototypeof/download/setprototypeof-1.1.1.tgz",
                  "bundled": true
                },
                "statuses": {
                  "version": "https://registry.npm.taobao.org/statuses/download/statuses-1.5.0.tgz",
                  "bundled": true
                },
                "toidentifier": {
                  "version": "https://registry.npm.taobao.org/toidentifier/download/toidentifier-1.0.0.tgz",
                  "bundled": true
                }
              }
            }
          }
        },
        "http-errors": {
          "version": "https://registry.npm.taobao.org/http-errors/download/http-errors-1.7.3.tgz",
          "bundled": true,
          "dependencies": {
            "depd": {
              "version": "https://registry.npm.taobao.org/depd/download/depd-1.1.2.tgz",
              "bundled": true
            },
            "inherits": {
              "version": "https://registry.npm.taobao.org/inherits/download/inherits-2.0.4.tgz",
              "bundled": true
            },
            "setprototypeof": {
              "version": "https://registry.npm.taobao.org/setprototypeof/download/setprototypeof-1.1.1.tgz",
              "bundled": true
            },
            "statuses": {
              "version": "https://registry.npm.taobao.org/statuses/download/statuses-1.5.0.tgz",
              "bundled": true
            },
            "toidentifier": {
              "version": "https://registry.npm.taobao.org/toidentifier/download/toidentifier-1.0.0.tgz",
              "bundled": true
            }
          }
        },
        "is-generator-function": {
          "version": "https://registry.npm.taobao.org/is-generator-function/download/is-generator-function-1.0.7.tgz",
          "bundled": true
        },
        "koa-compose": {
          "version": "https://registry.npm.taobao.org/koa-compose/download/koa-compose-4.1.0.tgz",
          "bundled": true
        },
        "koa-convert": {
          "version": "https://registry.npm.taobao.org/koa-convert/download/koa-convert-1.2.0.tgz",
          "bundled": true
        },
        "koa-is-json": {
          "version": "https://registry.npm.taobao.org/koa-is-json/download/koa-is-json-1.0.0.tgz",
          "bundled": true
        },
        "on-finished": {
          "version": "https://registry.npm.taobao.org/on-finished/download/on-finished-2.3.0.tgz",
          "bundled": true,
          "dependencies": {
            "ee-first": {
              "version": "https://registry.npm.taobao.org/ee-first/download/ee-first-1.1.1.tgz",
              "bundled": true
            }
          }
        },
        "only": {
          "version": "https://registry.npm.taobao.org/only/download/only-0.0.2.tgz",
          "bundled": true
        },
        "parseurl": {
          "version": "https://registry.npm.taobao.org/parseurl/download/parseurl-1.3.3.tgz",
          "bundled": true
        },
        "statuses": {
          "version": "https://registry.npm.taobao.org/statuses/download/statuses-1.5.0.tgz",
          "bundled": true
        },
        "type-is": {
          "version": "https://registry.npm.taobao.org/type-is/download/type-is-1.6.18.tgz",
          "bundled": true,
          "dependencies": {
            "media-typer": {
              "version": "https://registry.npm.taobao.org/media-typer/download/media-typer-0.3.0.tgz",
              "bundled": true
            },
            "mime-types": {
              "version": "https://registry.npm.taobao.org/mime-types/download/mime-types-2.1.24.tgz?cache=0&other_urls=https%3A%2F%2Fregistry.npm.taobao.org%2Fmime-types%2Fdownload%2Fmime-types-2.1.24.tgz",
              "bundled": true,
              "dependencies": {}
            }
          }
        },
        "vary": {
          "version": "https://registry.npm.taobao.org/vary/download/vary-1.1.2.tgz",
          "bundled": true
        }
      }
    },
    "koa-better-body": {
      "version": "3.0.5",
      "resolved": "https://registry.npm.taobao.org/koa-better-body/download/koa-better-body-3.0.5.tgz",
      "integrity": "sha1-h8fxMLzgnV6Q5vAQlYnfcldG9NI=",
      "requires": {
        "extend-shallow": "3.0.2",
        "formidable": "1.2.1",
        "koa-body-parsers": "git+https://github.com/tunnckoCore/body-parsers.git#b515504ef0bfe3e04aa3dd13502d3d90c2d60956"
      }
    },
    "koa-body-parsers": {
      "version": "git+https://github.com/tunnckoCore/body-parsers.git#b515504ef0bfe3e04aa3dd13502d3d90c2d60956",
      "from": "git+https://github.com/tunnckoCore/body-parsers.git",
      "requires": {
        "raw-body": "^2.1.0"
      },
      "dependencies": {
        "bytes": {
          "version": "3.1.0",
          "resolved": "https://registry.npm.taobao.org/bytes/download/bytes-3.1.0.tgz?cache=0&other_urls=https%3A%2F%2Fregistry.npm.taobao.org%2Fbytes%2Fdownload%2Fbytes-3.1.0.tgz",
          "integrity": "sha1-9s95M6Ng4FiPqf3oVlHNx/gF0fY="
        },
        "depd": {
          "version": "1.1.2",
          "resolved": "https://registry.npm.taobao.org/depd/download/depd-1.1.2.tgz",
          "integrity": "sha1-m81S4UwJd2PnSbJ0xDRu0uVgtak="
        },
        "http-errors": {
          "version": "1.7.2",
          "resolved": "https://registry.npm.taobao.org/http-errors/download/http-errors-1.7.2.tgz",
          "integrity": "sha1-T1ApzxMjnzEDblsuVSkrz7zIXI8=",
          "requires": {
            "depd": "~1.1.2",
            "inherits": "2.0.3",
            "setprototypeof": "1.1.1",
            "statuses": ">= 1.5.0 < 2",
            "toidentifier": "1.0.0"
          }
        },
        "iconv-lite": {
          "version": "0.4.24",
          "resolved": "https://registry.npm.taobao.org/iconv-lite/download/iconv-lite-0.4.24.tgz",
          "integrity": "sha1-ICK0sl+93CHS9SSXSkdKr+czkIs=",
          "requires": {
            "safer-buffer": ">= 2.1.2 < 3"
          }
        },
        "inherits": {
          "version": "2.0.3",
          "resolved": "https://registry.npm.taobao.org/inherits/download/inherits-2.0.3.tgz",
          "integrity": "sha1-Yzwsg+PaQqUC9SRmAiSA9CCCYd4="
        },
        "raw-body": {
          "version": "2.4.0",
          "resolved": "https://registry.npm.taobao.org/raw-body/download/raw-body-2.4.0.tgz",
          "integrity": "sha1-oc5vucm8NWylLoklarWQWeE9AzI=",
          "requires": {
            "bytes": "3.1.0",
            "http-errors": "1.7.2",
            "iconv-lite": "0.4.24",
            "unpipe": "1.0.0"
          }
        },
        "setprototypeof": {
          "version": "1.1.1",
          "resolved": "https://registry.npm.taobao.org/setprototypeof/download/setprototypeof-1.1.1.tgz",
          "integrity": "sha1-fpWsskqpL1iF4KvvW6ExMw1K5oM="
        },
        "unpipe": {
          "version": "1.0.0",
          "resolved": "https://registry.npm.taobao.org/unpipe/download/unpipe-1.0.0.tgz",
          "integrity": "sha1-sr9O6FFKrmFltIF4KdIbLvSZBOw="
        }
      }
    },
    "koa-multer": {
      "version": "1.0.2",
      "resolved": "https://registry.npm.taobao.org/koa-multer/download/koa-multer-1.0.2.tgz",
      "dev": true,
      "requires": {
        "multer": "1.3.0"
      }
    },
    "koa-router": {
      "version": "7.4.0",
      "resolved": "https://registry.npm.taobao.org/koa-router/download/koa-router-7.4.0.tgz",
      "dev": true,
      "dependencies": {
        "debug": {
          "version": "https://registry.npm.taobao.org/debug/download/debug-3.2.6.tgz",
          "bundled": true
        },
        "http-errors": {
          "version": "https://registry.npm.taobao.org/http-errors/download/http-errors-1.7.3.tgz",
          "bundled": true,
          "dependencies": {
            "depd": {
              "version": "https://registry.npm.taobao.org/depd/download/depd-1.1.2.tgz",
              "bundled": true
            },
            "inherits": {
              "version": "https://registry.npm.taobao.org/inherits/download/inherits-2.0.4.tgz",
              "bundled": true
            },
            "setprototypeof": {
              "version": "https://registry.npm.taobao.org/setprototypeof/download/setprototypeof-1.1.1.tgz",
              "bundled": true
            },
            "statuses": {
              "version": "https://registry.npm.taobao.org/statuses/download/statuses-1.5.0.tgz",
              "bundled": true
            },
            "toidentifier": {
              "version": "https://registry.npm.taobao.org/toidentifier/download/toidentifier-1.0.0.tgz",
              "bundled": true
            }
          }
        },
        "koa-compose": {
          "version": "https://registry.npm.taobao.org/koa-compose/download/koa-compose-3.2.1.tgz",
          "bundled": true
        },
        "methods": {
          "version": "https://registry.npm.taobao.org/methods/download/methods-1.1.2.tgz",
          "bundled": true
        },
        "path-to-regexp": {
          "version": "https://registry.npm.taobao.org/path-to-regexp/download/path-to-regexp-1.7.0.tgz?cache=0&sync_timestamp=1567224469702&other_urls=https%3A%2F%2Fregistry.npm.taobao.org%2Fpath-to-regexp%2Fdownload%2Fpath-to-regexp-1.7.0.tgz",
          "bundled": true
        },
        "urijs": {
          "version": "https://registry.npm.taobao.org/urijs/download/urijs-1.19.1.tgz",
          "bundled": true
        }
      }
    },
    "koa-session": {
      "version": "5.12.3",
      "resolved": "https://registry.npm.taobao.org/koa-session/download/koa-session-5.12.3.tgz",
      "dev": true,
      "dependencies": {
        "crc": {
          "version": "https://registry.npm.taobao.org/crc/download/crc-3.8.0.tgz",
          "bundled": true
        },
        "debug": {
          "version": "https://registry.npm.taobao.org/debug/download/debug-3.2.6.tgz",
          "bundled": true,
          "dependencies": {
            "ms": {
              "version": "https://registry.npm.taobao.org/ms/download/ms-2.1.2.tgz"
            }
          }
        },
        "is-type-of": {
          "version": "https://registry.npm.taobao.org/is-type-of/download/is-type-of-1.2.1.tgz",
          "bundled": true
        },
        "uuid": {
          "version": "https://registry.npm.taobao.org/uuid/download/uuid-3.3.3.tgz",
          "bundled": true
        }
      }
    },
    "multer": {
      "version": "1.3.0",
      "resolved": "https://registry.npm.taobao.org/multer/download/multer-1.3.0.tgz",
      "dev": true,
      "dependencies": {
        "append-field": {
          "version": "https://registry.npm.taobao.org/append-field/download/append-field-0.1.0.tgz"
        },
        "busboy": {
          "version": "https://registry.npm.taobao.org/busboy/download/busboy-0.2.14.tgz"
        },
        "concat-stream": {
          "version": "https://registry.npm.taobao.org/concat-stream/download/concat-stream-1.6.2.tgz",
          "dependencies": {
            "buffer-from": {
              "version": "https://registry.npm.taobao.org/buffer-from/download/buffer-from-1.1.1.tgz"
            },
            "inherits": {
              "version": "https://registry.npm.taobao.org/inherits/download/inherits-2.0.4.tgz"
            },
            "readable-stream": {
              "version": "https://registry.npm.taobao.org/readable-stream/download/readable-stream-2.3.6.tgz"
            },
            "typedarray": {
              "version": "https://registry.npm.taobao.org/typedarray/download/typedarray-0.0.6.tgz"
            }
          }
        },
        "mkdirp": {
          "version": "https://registry.npm.taobao.org/mkdirp/download/mkdirp-0.5.1.tgz",
          "dependencies": {
            "minimist": {
              "version": "https://registry.npm.taobao.org/minimist/download/minimist-0.0.8.tgz",
              "bundled": true
            }
          }
        },
        "object-assign": {
          "version": "https://registry.npm.taobao.org/object-assign/download/object-assign-3.0.0.tgz"
        },
        "on-finished": {
          "version": "https://registry.npm.taobao.org/on-finished/download/on-finished-2.3.0.tgz",
          "dependencies": {
            "ee-first": {
              "version": "https://registry.npm.taobao.org/ee-first/download/ee-first-1.1.1.tgz",
              "bundled": true
            }
          }
        },
        "type-is": {
          "version": "https://registry.npm.taobao.org/type-is/download/type-is-1.6.18.tgz",
          "dependencies": {
            "media-typer": {
              "version": "https://registry.npm.taobao.org/media-typer/download/media-typer-0.3.0.tgz",
              "bundled": true
            },
            "mime-types": {
              "version": "https://registry.npm.taobao.org/mime-types/download/mime-types-2.1.24.tgz?cache=0&other_urls=https%3A%2F%2Fregistry.npm.taobao.org%2Fmime-types%2Fdownload%2Fmime-types-2.1.24.tgz",
              "bundled": true,
              "dependencies": {}
            }
          }
        },
        "xtend": {
          "version": "https://registry.npm.taobao.org/xtend/download/xtend-4.0.2.tgz?cache=0&other_urls=https%3A%2F%2Fregistry.npm.taobao.org%2Fxtend%2Fdownload%2Fxtend-4.0.2.tgz"
        }
      }
    },
    "mysql": {
      "version": "2.17.1",
      "resolved": "https://registry.npm.taobao.org/mysql/download/mysql-2.17.1.tgz",
      "dev": true,
      "dependencies": {
        "bignumber.js": {
          "version": "https://registry.npm.taobao.org/bignumber.js/download/bignumber.js-7.2.1.tgz",
          "bundled": true
        },
        "readable-stream": {
          "version": "https://registry.npm.taobao.org/readable-stream/download/readable-stream-2.3.6.tgz",
          "bundled": true,
          "dependencies": {
            "core-util-is": {
              "version": "https://registry.npm.taobao.org/core-util-is/download/core-util-is-1.0.2.tgz",
              "bundled": true
            },
            "inherits": {
              "version": "https://registry.npm.taobao.org/inherits/download/inherits-2.0.4.tgz",
              "bundled": true
            },
            "isarray": {
              "version": "https://registry.npm.taobao.org/isarray/download/isarray-1.0.0.tgz?cache=0&sync_timestamp=1562592125418&other_urls=https%3A%2F%2Fregistry.npm.taobao.org%2Fisarray%2Fdownload%2Fisarray-1.0.0.tgz",
              "bundled": true
            },
            "process-nextick-args": {
              "version": "https://registry.npm.taobao.org/process-nextick-args/download/process-nextick-args-2.0.1.tgz",
              "bundled": true
            },
            "safe-buffer": {
              "version": "https://registry.npm.taobao.org/safe-buffer/download/safe-buffer-5.1.2.tgz",
              "bundled": true
            },
            "string_decoder": {
              "version": "https://registry.npm.taobao.org/string_decoder/download/string_decoder-1.1.1.tgz?cache=0&sync_timestamp=1565170823020&other_urls=https%3A%2F%2Fregistry.npm.taobao.org%2Fstring_decoder%2Fdownload%2Fstring_decoder-1.1.1.tgz",
              "bundled": true
            },
            "util-deprecate": {
              "version": "https://registry.npm.taobao.org/util-deprecate/download/util-deprecate-1.0.2.tgz",
              "bundled": true
            }
          }
        },
        "safe-buffer": {
          "version": "https://registry.npm.taobao.org/safe-buffer/download/safe-buffer-5.1.2.tgz",
          "bundled": true
        },
        "sqlstring": {
          "version": "https://registry.npm.taobao.org/sqlstring/download/sqlstring-2.3.1.tgz",
          "bundled": true
        }
      }
    },
    "safer-buffer": {
      "version": "2.1.2",
      "resolved": "https://registry.npm.taobao.org/safer-buffer/download/safer-buffer-2.1.2.tgz"
    },
    "statuses": {
      "version": "1.5.0",
      "resolved": "https://registry.npm.taobao.org/statuses/download/statuses-1.5.0.tgz"
    },
    "toidentifier": {
      "version": "1.0.0",
      "resolved": "https://registry.npm.taobao.org/toidentifier/download/toidentifier-1.0.0.tgz"
    }
  }
}
